
Microsoft Visual Studio Solution File, Format Version 12.00
# Visual Studio Version 17
VisualStudioVersion = 17.12.35527.113
MinimumVisualStudioVersion = 10.0.40219.1
Project("{FAE04EC0-301F-11D3-BF4B-00C04F79EFBC}") = "ApiLayer", "toDoList\ApiLayer.csproj", "{9A5491DC-9F42-4527-A66A-61864DAAEA4D}"
EndProject
Project("{FAE04EC0-301F-11D3-BF4B-00C04F79EFBC}") = "DataBaseLayer", "DataBaseLayer\DataBaseLayer.csproj", "{6362FE3B-7D36-497F-96FD-924435F2B0BF}"
EndProject
Project("{FAE04EC0-301F-11D3-BF4B-00C04F79EFBC}") = "Helper", "Helper\Helper.csproj", "{7DF1C1F3-4439-495A-96F2-F9ED0AED2546}"
EndProject
Project("{FAE04EC0-301F-11D3-BF4B-00C04F79EFBC}") = "BusinessLayer", "businessLayer\BusinessLayer.csproj", "{A78F8378-377D-4654-BB08-A6854013DACB}"
EndProject
Project("{FAE04EC0-301F-11D3-BF4B-00C04F79EFBC}") = "ClientWPF", "ClientWPF\ClientWPF.csproj", "{0139F019-E7D0-42EA-B1FA-4A3AA52A15BC}"
EndProject
Global
	GlobalSection(SolutionConfigurationPlatforms) = preSolution
		Debug|Any CPU = Debug|Any CPU
		Release|Any CPU = Release|Any CPU
	EndGlobalSection
	GlobalSection(ProjectConfigurationPlatforms) = postSolution
		{9A5491DC-9F42-4527-A66A-61864DAAEA4D}.Debug|Any CPU.ActiveCfg = Debug|Any CPU
		{9A5491DC-9F42-4527-A66A-61864DAAEA4D}.Debug|Any CPU.Build.0 = Debug|Any CPU
		{9A5491DC-9F42-4527-A66A-61864DAAEA4D}.Release|Any CPU.ActiveCfg = Release|Any CPU
		{9A5491DC-9F42-4527-A66A-61864DAAEA4D}.Release|Any CPU.Build.0 = Release|Any CPU
		{6362FE3B-7D36-497F-96FD-924435F2B0BF}.Debug|Any CPU.ActiveCfg = Debug|Any CPU
		{6362FE3B-7D36-497F-96FD-924435F2B0BF}.Debug|Any CPU.Build.0 = Debug|Any CPU
		{6362FE3B-7D36-497F-96FD-924435F2B0BF}.Release|Any CPU.ActiveCfg = Release|Any CPU
		{6362FE3B-7D36-497F-96FD-924435F2B0BF}.Release|Any CPU.Build.0 = Release|Any CPU
		{7DF1C1F3-4439-495A-96F2-F9ED0AED2546}.Debug|Any CPU.ActiveCfg = Debug|Any CPU
		{7DF1C1F3-4439-495A-96F2-F9ED0AED2546}.Debug|Any CPU.Build.0 = Debug|Any CPU
		{7DF1C1F3-4439-495A-96F2-F9ED0AED2546}.Release|Any CPU.ActiveCfg = Release|Any CPU
		{7DF1C1F3-4439-495A-96F2-F9ED0AED2546}.Release|Any CPU.Build.0 = Release|Any CPU
		{A78F8378-377D-4654-BB08-A6854013DACB}.Debug|Any CPU.ActiveCfg = Debug|Any CPU
		{A78F8378-377D-4654-BB08-A6854013DACB}.Debug|Any CPU.Build.0 = Debug|Any CPU
		{A78F8378-377D-4654-BB08-A6854013DACB}.Release|Any CPU.ActiveCfg = Release|Any CPU
		{A78F8378-377D-4654-BB08-A6854013DACB}.Release|Any CPU.Build.0 = Release|Any CPU
		{0139F019-E7D0-42EA-B1FA-4A3AA52A15BC}.Debug|Any CPU.ActiveCfg = Debug|Any CPU
		{0139F019-E7D0-42EA-B1FA-4A3AA52A15BC}.Debug|Any CPU.Build.0 = Debug|Any CPU
		{0139F019-E7D0-42EA-B1FA-4A3AA52A15BC}.Release|Any CPU.ActiveCfg = Release|Any CPU
		{0139F019-E7D0-42EA-B1FA-4A3AA52A15BC}.Release|Any CPU.Build.0 = Release|Any CPU
	EndGlobalSection
	GlobalSection(SolutionProperties) = preSolution
		HideSolutionNode = FALSE
	EndGlobalSection
	GlobalSection(ExtensibilityGlobals) = postSolution
		SolutionGuid = {92D6EAFE-1BB4-4144-9CDB-38A8E309C9E0}
	EndGlobalSection
EndGlobal
