
Microsoft Visual Studio Solution File, Format Version 12.00
# Visual Studio Version 17
VisualStudioVersion = 17.12.35527.113
MinimumVisualStudioVersion = 10.0.40219.1
Project("{FAE04EC0-301F-11D3-BF4B-00C04F79EFBC}") = "toDoList", "toDoList\toDoList.csproj", "{9A5491DC-9F42-4527-A66A-61864DAAEA4D}"
EndProject
Project("{FAE04EC0-301F-11D3-BF4B-00C04F79EFBC}") = "testApi", "testApi\testApi.csproj", "{344D1E6F-5CCD-4BAF-AF8C-057F77371744}"
EndProject
Global
	GlobalSection(SolutionConfigurationPlatforms) = preSolution
		Debug|Any CPU = Debug|Any CPU
		Release|Any CPU = Release|Any CPU
	EndGlobalSection
	GlobalSection(ProjectConfigurationPlatforms) = postSolution
		{9A5491DC-9F42-4527-A66A-61864DAAEA4D}.Debug|Any CPU.ActiveCfg = Debug|Any CPU
		{9A5491DC-9F42-4527-A66A-61864DAAEA4D}.Debug|Any CPU.Build.0 = Debug|Any CPU
		{9A5491DC-9F42-4527-A66A-61864DAAEA4D}.Release|Any CPU.ActiveCfg = Release|Any CPU
		{9A5491DC-9F42-4527-A66A-61864DAAEA4D}.Release|Any CPU.Build.0 = Release|Any CPU
		{344D1E6F-5CCD-4BAF-AF8C-057F77371744}.Debug|Any CPU.ActiveCfg = Debug|Any CPU
		{344D1E6F-5CCD-4BAF-AF8C-057F77371744}.Debug|Any CPU.Build.0 = Debug|Any CPU
		{344D1E6F-5CCD-4BAF-AF8C-057F77371744}.Release|Any CPU.ActiveCfg = Release|Any CPU
		{344D1E6F-5CCD-4BAF-AF8C-057F77371744}.Release|Any CPU.Build.0 = Release|Any CPU
	EndGlobalSection
	GlobalSection(SolutionProperties) = preSolution
		HideSolutionNode = FALSE
	EndGlobalSection
EndGlobal
